{
  "name": "LPath1_music",
  "lockfileVersion": 2,
  "requires": true,
  "packages": {
    "": {
      "dependencies": {
        "angular-in-memory-web-api": "^0.13.0"
      }
    },
    "node_modules/angular-in-memory-web-api": {
      "version": "0.13.0",
      "resolved": "https://registry.npmjs.org/angular-in-memory-web-api/-/angular-in-memory-web-api-0.13.0.tgz",
      "integrity": "sha512-rK7k/Ip3TdjOIONZRsEMc8vHfwdESEwfknfX5gIr4QHcMzZ92BPcsILbtH2xr2XVusjePK/bwEc6RMWz3X8wUQ==",
      "dependencies": {
        "tslib": "^2.3.0"
      },
      "peerDependencies": {
        "@angular/common": "^13.0.0",
        "@angular/core": "^13.0.0",
        "rxjs": "^6.5.3 || ^7.4.0"
      }
    },
    "node_modules/tslib": {
      "version": "2.4.0",
      "resolved": "https://registry.npmjs.org/tslib/-/tslib-2.4.0.tgz",
      "integrity": "sha512-d6xOpEDfsi2CZVlPQzGeux8XMwLT9hssAsaPYExaQMuYskwb+x1x7J371tWlbBdWHroy99KnVB6qIkUbs5X3UQ=="
    }
  },
  "dependencies": {
    "angular-in-memory-web-api": {
      "version": "0.13.0",
      "resolved": "https://registry.npmjs.org/angular-in-memory-web-api/-/angular-in-memory-web-api-0.13.0.tgz",
      "integrity": "sha512-rK7k/Ip3TdjOIONZRsEMc8vHfwdESEwfknfX5gIr4QHcMzZ92BPcsILbtH2xr2XVusjePK/bwEc6RMWz3X8wUQ==",
      "requires": {
        "tslib": "^2.3.0"
      }
    },
    "tslib": {
      "version": "2.4.0",
      "resolved": "https://registry.npmjs.org/tslib/-/tslib-2.4.0.tgz",
      "integrity": "sha512-d6xOpEDfsi2CZVlPQzGeux8XMwLT9hssAsaPYExaQMuYskwb+x1x7J371tWlbBdWHroy99KnVB6qIkUbs5X3UQ=="
    }
  }
}
